Microsoft Visual Studio Solution File, Format Version 12.00
# Visual Studio Version 17
VisualStudioVersion = 17.5.2.0
MinimumVisualStudioVersion = 10.0.40219.1
Project("{FAE04EC0-301F-11D3-BF4B-00C04F79EFBC}") = "OcrToExcel.Win", "OcrToExcel.Win\OcrToExcel.Win.csproj", "{A5351E1F-1EC7-3213-07FE-B2ECAB121A49}"
EndProject
Global
	GlobalSection(SolutionConfigurationPlatforms) = preSolution
		Debug|Any CPU = Debug|Any CPU
		Release|Any CPU = Release|Any CPU
	EndGlobalSection
	GlobalSection(ProjectConfigurationPlatforms) = postSolution
		{A5351E1F-1EC7-3213-07FE-B2ECAB121A49}.Debug|Any CPU.ActiveCfg = Debug|Any CPU
		{A5351E1F-1EC7-3213-07FE-B2ECAB121A49}.Debug|Any CPU.Build.0 = Debug|Any CPU
		{A5351E1F-1EC7-3213-07FE-B2ECAB121A49}.Release|Any CPU.ActiveCfg = Release|Any CPU
		{A5351E1F-1EC7-3213-07FE-B2ECAB121A49}.Release|Any CPU.Build.0 = Release|Any CPU
	EndGlobalSection
	GlobalSection(SolutionProperties) = preSolution
		HideSolutionNode = FALSE
	EndGlobalSection
	GlobalSection(ExtensibilityGlobals) = postSolution
		SolutionGuid = {F2301757-D562-41CC-9B31-00A44AFAE64F}
	EndGlobalSection
EndGlobal
